
Microsoft Visual Studio Solution File, Format Version 12.00
# Visual Studio Version 16
VisualStudioVersion = 16.0.30711.63
MinimumVisualStudioVersion = 10.0.40219.1
Project("{9A19103F-16F7-4668-BE54-9A1E7A4F7556}") = "Madrasa.API", "Madrasa\Madrasa.API.csproj", "{235E10D7-DE1B-4D66-B559-308DD371F76E}"
EndProject
Project("{FAE04EC0-301F-11D3-BF4B-00C04F79EFBC}") = "Madrasa.Models", "Madrasa.Models\Madrasa.Models.csproj", "{B62D4971-69A0-4681-901D-023FBFFB73AC}"
EndProject
Project("{FAE04EC0-301F-11D3-BF4B-00C04F79EFBC}") = "Madrasa.Repository", "Madrasa.Repository\Madrasa.Repository.csproj", "{7E4FF7D3-5B7C-48A4-BB20-94B400C06931}"
EndProject
Project("{FAE04EC0-301F-11D3-BF4B-00C04F79EFBC}") = "Madrasa.Shared", "Madrasa.Shared\Madrasa.Shared.csproj", "{39AFE186-518A-4B6A-BEA3-9FB9EAB25502}"
EndProject
Project("{FAE04EC0-301F-11D3-BF4B-00C04F79EFBC}") = "Madrasa.Dto", "Madrasa.Dto\Madrasa.Dto.csproj", "{C41F6DDE-5D03-4750-AAA6-A074D1317726}"
EndProject
Project("{FAE04EC0-301F-11D3-BF4B-00C04F79EFBC}") = "Madrasa.Service", "Madrasa.Service\Madrasa.Service.csproj", "{47857945-3B95-4574-852F-56F05E51F7E2}"
EndProject
Global
	GlobalSection(SolutionConfigurationPlatforms) = preSolution
		Debug|Any CPU = Debug|Any CPU
		Release|Any CPU = Release|Any CPU
	EndGlobalSection
	GlobalSection(ProjectConfigurationPlatforms) = postSolution
		{235E10D7-DE1B-4D66-B559-308DD371F76E}.Debug|Any CPU.ActiveCfg = Debug|Any CPU
		{235E10D7-DE1B-4D66-B559-308DD371F76E}.Debug|Any CPU.Build.0 = Debug|Any CPU
		{235E10D7-DE1B-4D66-B559-308DD371F76E}.Release|Any CPU.ActiveCfg = Release|Any CPU
		{235E10D7-DE1B-4D66-B559-308DD371F76E}.Release|Any CPU.Build.0 = Release|Any CPU
		{B62D4971-69A0-4681-901D-023FBFFB73AC}.Debug|Any CPU.ActiveCfg = Debug|Any CPU
		{B62D4971-69A0-4681-901D-023FBFFB73AC}.Debug|Any CPU.Build.0 = Debug|Any CPU
		{B62D4971-69A0-4681-901D-023FBFFB73AC}.Release|Any CPU.ActiveCfg = Release|Any CPU
		{B62D4971-69A0-4681-901D-023FBFFB73AC}.Release|Any CPU.Build.0 = Release|Any CPU
		{7E4FF7D3-5B7C-48A4-BB20-94B400C06931}.Debug|Any CPU.ActiveCfg = Debug|Any CPU
		{7E4FF7D3-5B7C-48A4-BB20-94B400C06931}.Debug|Any CPU.Build.0 = Debug|Any CPU
		{7E4FF7D3-5B7C-48A4-BB20-94B400C06931}.Release|Any CPU.ActiveCfg = Release|Any CPU
		{7E4FF7D3-5B7C-48A4-BB20-94B400C06931}.Release|Any CPU.Build.0 = Release|Any CPU
		{39AFE186-518A-4B6A-BEA3-9FB9EAB25502}.Debug|Any CPU.ActiveCfg = Debug|Any CPU
		{39AFE186-518A-4B6A-BEA3-9FB9EAB25502}.Debug|Any CPU.Build.0 = Debug|Any CPU
		{39AFE186-518A-4B6A-BEA3-9FB9EAB25502}.Release|Any CPU.ActiveCfg = Release|Any CPU
		{39AFE186-518A-4B6A-BEA3-9FB9EAB25502}.Release|Any CPU.Build.0 = Release|Any CPU
		{C41F6DDE-5D03-4750-AAA6-A074D1317726}.Debug|Any CPU.ActiveCfg = Debug|Any CPU
		{C41F6DDE-5D03-4750-AAA6-A074D1317726}.Debug|Any CPU.Build.0 = Debug|Any CPU
		{C41F6DDE-5D03-4750-AAA6-A074D1317726}.Release|Any CPU.ActiveCfg = Release|Any CPU
		{C41F6DDE-5D03-4750-AAA6-A074D1317726}.Release|Any CPU.Build.0 = Release|Any CPU
		{47857945-3B95-4574-852F-56F05E51F7E2}.Debug|Any CPU.ActiveCfg = Debug|Any CPU
		{47857945-3B95-4574-852F-56F05E51F7E2}.Debug|Any CPU.Build.0 = Debug|Any CPU
		{47857945-3B95-4574-852F-56F05E51F7E2}.Release|Any CPU.ActiveCfg = Release|Any CPU
		{47857945-3B95-4574-852F-56F05E51F7E2}.Release|Any CPU.Build.0 = Release|Any CPU
	EndGlobalSection
	GlobalSection(SolutionProperties) = preSolution
		HideSolutionNode = FALSE
	EndGlobalSection
	GlobalSection(ExtensibilityGlobals) = postSolution
		SolutionGuid = {81596FAC-FF18-46DC-B598-FDFC4F305635}
	EndGlobalSection
EndGlobal
