
Microsoft Visual Studio Solution File, Format Version 12.00
# Visual Studio Version 16
VisualStudioVersion = 16.0.30711.63
MinimumVisualStudioVersion = 10.0.40219.1
Project("{FAE04EC0-301F-11D3-BF4B-00C04F79EFBC}") = "Madrasa", "Madrasa\Madrasa.csproj", "{235E10D7-DE1B-4D66-B559-308DD371F76E}"
EndProject
Global
	GlobalSection(SolutionConfigurationPlatforms) = preSolution
		Debug|Any CPU = Debug|Any CPU
		Release|Any CPU = Release|Any CPU
	EndGlobalSection
	GlobalSection(ProjectConfigurationPlatforms) = postSolution
		{235E10D7-DE1B-4D66-B559-308DD371F76E}.Debug|Any CPU.ActiveCfg = Debug|Any CPU
		{235E10D7-DE1B-4D66-B559-308DD371F76E}.Debug|Any CPU.Build.0 = Debug|Any CPU
		{235E10D7-DE1B-4D66-B559-308DD371F76E}.Release|Any CPU.ActiveCfg = Release|Any CPU
		{235E10D7-DE1B-4D66-B559-308DD371F76E}.Release|Any CPU.Build.0 = Release|Any CPU
	EndGlobalSection
	GlobalSection(SolutionProperties) = preSolution
		HideSolutionNode = FALSE
	EndGlobalSection
	GlobalSection(ExtensibilityGlobals) = postSolution
		SolutionGuid = {81596FAC-FF18-46DC-B598-FDFC4F305635}
	EndGlobalSection
EndGlobal
